
Microsoft Visual Studio Solution File, Format Version 12.00
# Visual Studio Version 17
VisualStudioVersion = 17.7.34031.279
MinimumVisualStudioVersion = 10.0.40219.1
Project("{9A19103F-16F7-4668-BE54-9A1E7A4F7556}") = "MvcTest", "MvcTest\MvcTest.csproj", "{CBB4AEBF-016C-4B2E-8DC0-84F2ACBE6005}"
EndProject
Project("{FAE04EC0-301F-11D3-BF4B-00C04F79EFBC}") = "MvcTest.Testing", "MvcTest.Testing\MvcTest.Testing.csproj", "{01E40434-65B6-4B63-9BD4-3E6752CFF568}"
EndProject
Global
	GlobalSection(SolutionConfigurationPlatforms) = preSolution
		Debug|Any CPU = Debug|Any CPU
		Release|Any CPU = Release|Any CPU
	EndGlobalSection
	GlobalSection(ProjectConfigurationPlatforms) = postSolution
		{CBB4AEBF-016C-4B2E-8DC0-84F2ACBE6005}.Debug|Any CPU.ActiveCfg = Debug|Any CPU
		{CBB4AEBF-016C-4B2E-8DC0-84F2ACBE6005}.Debug|Any CPU.Build.0 = Debug|Any CPU
		{CBB4AEBF-016C-4B2E-8DC0-84F2ACBE6005}.Release|Any CPU.ActiveCfg = Release|Any CPU
		{CBB4AEBF-016C-4B2E-8DC0-84F2ACBE6005}.Release|Any CPU.Build.0 = Release|Any CPU
		{01E40434-65B6-4B63-9BD4-3E6752CFF568}.Debug|Any CPU.ActiveCfg = Debug|Any CPU
		{01E40434-65B6-4B63-9BD4-3E6752CFF568}.Debug|Any CPU.Build.0 = Debug|Any CPU
		{01E40434-65B6-4B63-9BD4-3E6752CFF568}.Release|Any CPU.ActiveCfg = Release|Any CPU
		{01E40434-65B6-4B63-9BD4-3E6752CFF568}.Release|Any CPU.Build.0 = Release|Any CPU
	EndGlobalSection
	GlobalSection(SolutionProperties) = preSolution
		HideSolutionNode = FALSE
	EndGlobalSection
	GlobalSection(ExtensibilityGlobals) = postSolution
		SolutionGuid = {36BAE9BA-1FAE-4D30-B43B-B28C4344F6D9}
	EndGlobalSection
EndGlobal
